{
  "version": 4,
  "terraform_version": "0.12.26",
  "serial": 7,
  "lineage": "7088dfae-abd3-92c9-e744-74fb8eb21f7b",
  "outputs": {},
  "resources": [
    {
      "mode": "managed",
      "type": "google_container_cluster",
      "name": "gke-cluster",
      "provider": "provider.google",
      "instances": [
        {
          "schema_version": 1,
          "attributes": {
            "additional_zones": [],
            "addons_config": [
              {
                "cloudrun_config": [],
                "horizontal_pod_autoscaling": [],
                "http_load_balancing": [],
                "kubernetes_dashboard": [],
                "network_policy_config": [
                  {
                    "disabled": true
                  }
                ]
              }
            ],
            "authenticator_groups_config": [],
            "cluster_autoscaling": [
              {
                "auto_provisioning_defaults": [],
                "enabled": false,
                "resource_limits": []
              }
            ],
            "cluster_ipv4_cidr": "10.12.0.0/14",
            "database_encryption": [
              {
                "key_name": "",
                "state": "DECRYPTED"
              }
            ],
            "default_max_pods_per_node": null,
            "description": "",
            "enable_binary_authorization": false,
            "enable_intranode_visibility": null,
            "enable_kubernetes_alpha": false,
            "enable_legacy_abac": false,
            "enable_shielded_nodes": false,
            "enable_tpu": null,
            "endpoint": "35.234.114.82",
            "id": "projects/blade-ai-282114/locations/europe-west3-a/clusters/bladeai-gke-cluster",
            "initial_node_count": 3,
            "instance_group_urls": [
              "https://www.googleapis.com/compute/v1/projects/blade-ai-282114/zones/europe-west3-a/instanceGroups/gke-bladeai-gke-cluster-default-pool-6b75a997-grp"
            ],
            "ip_allocation_policy": [],
            "label_fingerprint": "a9dc16a7",
            "location": "europe-west3-a",
            "logging_service": "logging.googleapis.com/kubernetes",
            "maintenance_policy": [],
            "master_auth": [
              {
                "client_certificate": "",
                "client_certificate_config": [
                  {
                    "issue_client_certificate": false
                  }
                ],
                "client_key": "",
                "cluster_ca_certificate": "LS0tLS1CRUdJTiBDRVJUSUZJQ0FURS0tLS0tCk1JSURDekNDQWZPZ0F3SUJBZ0lRT0s5KzNGMXk1SjlaU1QyQi9MVkpFekFOQmdrcWhraUc5dzBCQVFzRkFEQXYKTVMwd0t3WURWUVFERXlRd05XSXlOV1ZpTXkwd09EQXhMVFJtTkRVdFltRXdOaTA0TVdRMk0yTXhPREkxT0dFdwpIaGNOTWpBd056QTRNRGN3TkRJMVdoY05NalV3TnpBM01EZ3dOREkxV2pBdk1TMHdLd1lEVlFRREV5UXdOV0l5Ck5XVmlNeTB3T0RBeExUUm1ORFV0WW1Fd05pMDRNV1EyTTJNeE9ESTFPR0V3Z2dFaU1BMEdDU3FHU0liM0RRRUIKQVFVQUE0SUJEd0F3Z2dFS0FvSUJBUUN2Q1RZcUx1bVZLTzFNWTQxaEpiZ1VLcnkwaXNZRU81dDFnZDdhVkhJYwoyZkFFeTRYSlUweFNUdDd6dEd4dVA1cEFxdnA4MEpmRStDNm5oS2M2c3p6dDN5VGRDcmFXMFhCcVpncXhESy9sCjQ4d0hvbDlrMlJhenAydlNLM0I5bnJCa3RFSXhNVFpqU24yVlc3WjdBa3FlcXcwdXQvMzM2dVB4K0tvazRhL2IKREdaWHdRQjJxSGRpdWl2YXBaQWVaVmtYRzI3KzNWem9jRWd6R3RKNjFaaVk0TDZydGUzdVBCV1hoVXBnNzRNNgp4YWhGOVNldVZuZDA1QW9vOHpyZnJQa1hqaWlvY21pUkE1aStBNW1mN2J6NVpFRmlONmd5c1FWWWdKbGpCMkZHCkhnUDBEWWdmeXVkREw1aUV5OHgwblB1SFNuODF2T0ZBUSs4VnY0WUN3b0N4QWdNQkFBR2pJekFoTUE0R0ExVWQKRHdFQi93UUVBd0lDQkRBUEJnTlZIUk1CQWY4RUJUQURBUUgvTUEwR0NTcUdTSWIzRFFFQkN3VUFBNElCQVFCQQoyY0x1SzhhQkgwSFlvaEpyZjJvZGVnSDgvZVhvYzVhbitmeXhobVpMaitBS1NZa2dLb2VLRnUrcWlYVXNDNmxuCkdXSDdyQjl2cVNuWTFrUllRUVFoOFFWb0hIM2I5amJyQU9zb1hyWWNSUXRTUTMwZTVPRGp1R09xbnNsL3p5MncKNnhVaGs3U3dqck9YTVJPdm5DVllyWHpCYzFiODNzRWdWemswZE5hNDQrRlFvUktFczFDd3VpUmdET01yVHJpVAp1dC9DYnhNaHFHY3VSVzJ0UjAyN0NiVWl4OFNETzlLWEdvMDFieWxKYWl0Z3lGckhBdytRV1ExditLcEFaTlFVClR2aHdtK1BRNks3UStoREMwdytZMlptVUQxbkRoLzByTkJkMnJyWjZNV3BMYWIrVEp4WGUvd2tpL2MrZUZibnEKWm1ZMEwvaFErRXlmRDZ5cmd5WkMKLS0tLS1FTkQgQ0VSVElGSUNBVEUtLS0tLQo=",
                "password": "",
                "username": ""
              }
            ],
            "master_authorized_networks_config": [],
            "master_version": "1.14.10-gke.36",
            "min_master_version": null,
            "monitoring_service": "monitoring.googleapis.com/kubernetes",
            "name": "bladeai-gke-cluster",
            "network": "projects/blade-ai-282114/global/networks/default",
            "network_policy": [
              {
                "enabled": false,
                "provider": "PROVIDER_UNSPECIFIED"
              }
            ],
            "node_config": [
              {
                "disk_size_gb": 100,
                "disk_type": "pd-standard",
                "guest_accelerator": [],
                "image_type": "COS",
                "labels": {},
                "local_ssd_count": 0,
                "machine_type": "g1-small",
                "metadata": {
                  "disable-legacy-endpoints": "true"
                },
                "min_cpu_platform": "",
                "oauth_scopes": [
                  "https://www.googleapis.com/auth/logging.write",
                  "https://www.googleapis.com/auth/monitoring"
                ],
                "preemptible": false,
                "sandbox_config": [],
                "service_account": "default",
                "shielded_instance_config": [
                  {
                    "enable_integrity_monitoring": true,
                    "enable_secure_boot": false
                  }
                ],
                "tags": null,
                "taint": [],
                "workload_metadata_config": []
              }
            ],
            "node_locations": [],
            "node_pool": [
              {
                "autoscaling": [],
                "initial_node_count": 3,
                "instance_group_urls": [
                  "https://www.googleapis.com/compute/v1/projects/blade-ai-282114/zones/europe-west3-a/instanceGroupManagers/gke-bladeai-gke-cluster-default-pool-6b75a997-grp"
                ],
                "management": [
                  {
                    "auto_repair": true,
                    "auto_upgrade": true
                  }
                ],
                "max_pods_per_node": 0,
                "name": "default-pool",
                "name_prefix": "",
                "node_config": [
                  {
                    "disk_size_gb": 100,
                    "disk_type": "pd-standard",
                    "guest_accelerator": [],
                    "image_type": "COS",
                    "labels": {},
                    "local_ssd_count": 0,
                    "machine_type": "g1-small",
                    "metadata": {
                      "disable-legacy-endpoints": "true"
                    },
                    "min_cpu_platform": "",
                    "oauth_scopes": [
                      "https://www.googleapis.com/auth/logging.write",
                      "https://www.googleapis.com/auth/monitoring"
                    ],
                    "preemptible": false,
                    "sandbox_config": [],
                    "service_account": "default",
                    "shielded_instance_config": [
                      {
                        "enable_integrity_monitoring": true,
                        "enable_secure_boot": false
                      }
                    ],
                    "tags": [],
                    "taint": [],
                    "workload_metadata_config": []
                  }
                ],
                "node_count": 3,
                "node_locations": [
                  "europe-west3-a"
                ],
                "upgrade_settings": [
                  {
                    "max_surge": 1,
                    "max_unavailable": 0
                  }
                ],
                "version": "1.14.10-gke.36"
              }
            ],
            "node_version": "1.14.10-gke.36",
            "operation": null,
            "pod_security_policy_config": null,
            "private_cluster_config": [],
            "project": "blade-ai-282114",
            "region": null,
            "remove_default_node_pool": null,
            "resource_labels": null,
            "resource_usage_export_config": [],
            "services_ipv4_cidr": "10.15.240.0/20",
            "subnetwork": "projects/blade-ai-282114/regions/europe-west3/subnetworks/default",
            "timeouts": null,
            "vertical_pod_autoscaling": [],
            "workload_identity_config": [],
            "zone": null
          },
          "private": "eyJlMmJmYjczMC1lY2FhLTExZTYtOGY4OC0zNDM2M2JjN2M0YzAiOnsiY3JlYXRlIjoyNDAwMDAwMDAwMDAwLCJkZWxldGUiOjI0MDAwMDAwMDAwMDAsInJlYWQiOjI0MDAwMDAwMDAwMDAsInVwZGF0ZSI6MzYwMDAwMDAwMDAwMH0sInNjaGVtYV92ZXJzaW9uIjoiMSJ9"
        }
      ]
    }
  ]
}
